// !$*UTF8*$!
{
	archiveVersion = 1;
	classes = {
	};
	objectVersion = 46;
	objects = {

/* Begin PBXBuildFile section */
		0461BE2719753175001604C9 /* 8.png in Resources */ = {isa = PBXBuildFile; fileRef = 0461BE2619753175001604C9 /* 8.png */; };
		04810B1C1974F5CA00D00DC0 /* AppDelegate.swift in Sources */ = {isa = PBXBuildFile; fileRef = 04810B1B1974F5CA00D00DC0 /* AppDelegate.swift */; };
		04810B1E1974F5CA00D00DC0 /* ViewController.swift in Sources */ = {isa = PBXBuildFile; fileRef = 04810B1D1974F5CA00D00DC0 /* ViewController.swift */; };
		04810B211974F5CA00D00DC0 /* Main.storyboard in Resources */ = {isa = PBXBuildFile; fileRef = 04810B1F1974F5CA00D00DC0 /* Main.storyboard */; };
		04810B231974F5CA00D00DC0 /* Images.xcassets in Resources */ = {isa = PBXBuildFile; fileRef = 04810B221974F5CA00D00DC0 /* Images.xcassets */; };
		04810B2F1974F5CA00D00DC0 /* DoubleTests.swift in Sources */ = {isa = PBXBuildFile; fileRef = 04810B2E1974F5CA00D00DC0 /* DoubleTests.swift */; };
		04810B3A1974FCE300D00DC0 /* Start.storyboard in Resources */ = {isa = PBXBuildFile; fileRef = 04810B391974FCE300D00DC0 /* Start.storyboard */; };
/* End PBXBuildFile section */

/* Begin PBXContainerItemProxy section */
		04810B291974F5CA00D00DC0 /* PBXContainerItemProxy */ = {
			isa = PBXContainerItemProxy;
			containerPortal = 04810B0E1974F5CA00D00DC0 /* Project object */;
			proxyType = 1;
			remoteGlobalIDString = 04810B151974F5CA00D00DC0;
			remoteInfo = Double;
		};
/* End PBXContainerItemProxy section */

/* Begin PBXFileReference section */
		0461BE2619753175001604C9 /* 8.png */ = {isa = PBXFileReference; lastKnownFileType = image.png; path = 8.png; sourceTree = "<group>"; };
		04810B161974F5CA00D00DC0 /* Double.app */ = {isa = PBXFileReference; explicitFileType = wrapper.application; includeInIndex = 0; path = Double.app; sourceTree = BUILT_PRODUCTS_DIR; };
		04810B1A1974F5CA00D00DC0 /* Info.plist */ = {isa = PBXFileReference; lastKnownFileType = text.plist.xml; path = Info.plist; sourceTree = "<group>"; };
		04810B1B1974F5CA00D00DC0 /* AppDelegate.swift */ = {isa = PBXFileReference; lastKnownFileType = sourcecode.swift; path = AppDelegate.swift; sourceTree = "<group>"; };
		04810B1D1974F5CA00D00DC0 /* ViewController.swift */ = {isa = PBXFileReference; lastKnownFileType = sourcecode.swift; path = ViewController.swift; sourceTree = "<group>"; };
		04810B201974F5CA00D00DC0 /* Base */ = {isa = PBXFileReference; lastKnownFileType = file.storyboard; name = Base; path = Base.lproj/Main.storyboard; sourceTree = "<group>"; };
		04810B221974F5CA00D00DC0 /* Images.xcassets */ = {isa = PBXFileReference; lastKnownFileType = folder.assetcatalog; path = Images.xcassets; sourceTree = "<group>"; };
		04810B281974F5CA00D00DC0 /* DoubleTests.xctest */ = {isa = PBXFileReference; explicitFileType = wrapper.cfbundle; includeInIndex = 0; path = DoubleTests.xctest; sourceTree = BUILT_PRODUCTS_DIR; };
		04810B2D1974F5CA00D00DC0 /* Info.plist */ = {isa = PBXFileReference; lastKnownFileType = text.plist.xml; path = Info.plist; sourceTree = "<group>"; };
		04810B2E1974F5CA00D00DC0 /* DoubleTests.swift */ = {isa = PBXFileReference; lastKnownFileType = sourcecode.swift; path = DoubleTests.swift; sourceTree = "<group>"; };
		04810B391974FCE300D00DC0 /* Start.storyboard */ = {isa = PBXFileReference; fileEncoding = 4; lastKnownFileType = file.storyboard; path = Start.storyboard; sourceTree = "<group>"; };
/* End PBXFileReference section */

/* Begin PBXFrameworksBuildPhase section */
		04810B131974F5CA00D00DC0 /* Frameworks */ = {
			isa = PBXFrameworksBuildPhase;
			buildActionMask = 2147483647;
			files = (
			);
			runOnlyForDeploymentPostprocessing = 0;
		};
		04810B251974F5CA00D00DC0 /* Frameworks */ = {
			isa = PBXFrameworksBuildPhase;
			buildActionMask = 2147483647;
			files = (
			);
			runOnlyForDeploymentPostprocessing = 0;
		};
/* End PBXFrameworksBuildPhase section */

/* Begin PBXGroup section */
		0461BE2519753126001604C9 /* Images */ = {
			isa = PBXGroup;
			children = (
				0461BE2619753175001604C9 /* 8.png */,
			);
			name = Images;
			sourceTree = "<group>";
		};
		04810B0D1974F5CA00D00DC0 = {
			isa = PBXGroup;
			children = (
				04810B181974F5CA00D00DC0 /* Double */,
				04810B2B1974F5CA00D00DC0 /* DoubleTests */,
				04810B171974F5CA00D00DC0 /* Products */,
			);
			sourceTree = "<group>";
		};
		04810B171974F5CA00D00DC0 /* Products */ = {
			isa = PBXGroup;
			children = (
				04810B161974F5CA00D00DC0 /* Double.app */,
				04810B281974F5CA00D00DC0 /* DoubleTests.xctest */,
			);
			name = Products;
			sourceTree = "<group>";
		};
		04810B181974F5CA00D00DC0 /* Double */ = {
			isa = PBXGroup;
			children = (
				0461BE2519753126001604C9 /* Images */,
				04810B1B1974F5CA00D00DC0 /* AppDelegate.swift */,
				04810B1D1974F5CA00D00DC0 /* ViewController.swift */,
				04810B1F1974F5CA00D00DC0 /* Main.storyboard */,
				04810B221974F5CA00D00DC0 /* Images.xcassets */,
				04810B191974F5CA00D00DC0 /* Supporting Files */,
				04810B391974FCE300D00DC0 /* Start.storyboard */,
			);
			path = Double;
			sourceTree = "<group>";
		};
		04810B191974F5CA00D00DC0 /* Supporting Files */ = {
			isa = PBXGroup;
			children = (
				04810B1A1974F5CA00D00DC0 /* Info.plist */,
			);
			name = "Supporting Files";
			sourceTree = "<group>";
		};
		04810B2B1974F5CA00D00DC0 /* DoubleTests */ = {
			isa = PBXGroup;
			children = (
				04810B2E1974F5CA00D00DC0 /* DoubleTests.swift */,
				04810B2C1974F5CA00D00DC0 /* Supporting Files */,
			);
			path = DoubleTests;
			sourceTree = "<group>";
		};
		04810B2C1974F5CA00D00DC0 /* Supporting Files */ = {
			isa = PBXGroup;
			children = (
				04810B2D1974F5CA00D00DC0 /* Info.plist */,
			);
			name = "Supporting Files";
			sourceTree = "<group>";
		};
/* End PBXGroup section */

/* Begin PBXNativeTarget section */
		04810B151974F5CA00D00DC0 /* Double */ = {
			isa = PBXNativeTarget;
			buildConfigurationList = 04810B321974F5CA00D00DC0 /* Build configuration list for PBXNativeTarget "Double" */;
			buildPhases = (
				04810B121974F5CA00D00DC0 /* Sources */,
				04810B131974F5CA00D00DC0 /* Frameworks */,
				04810B141974F5CA00D00DC0 /* Resources */,
			);
			buildRules = (
			);
			dependencies = (
			);
			name = Double;
			productName = Double;
			productReference = 04810B161974F5CA00D00DC0 /* Double.app */;
			productType = "com.apple.product-type.application";
		};
		04810B271974F5CA00D00DC0 /* DoubleTests */ = {
			isa = PBXNativeTarget;
			buildConfigurationList = 04810B351974F5CA00D00DC0 /* Build configuration list for PBXNativeTarget "DoubleTests" */;
			buildPhases = (
				04810B241974F5CA00D00DC0 /* Sources */,
				04810B251974F5CA00D00DC0 /* Frameworks */,
				04810B261974F5CA00D00DC0 /* Resources */,
			);
			buildRules = (
			);
			dependencies = (
				04810B2A1974F5CA00D00DC0 /* PBXTargetDependency */,
			);
			name = DoubleTests;
			productName = DoubleTests;
			productReference = 04810B281974F5CA00D00DC0 /* DoubleTests.xctest */;
			productType = "com.apple.product-type.bundle.unit-test";
		};
/* End PBXNativeTarget section */

/* Begin PBXProject section */
		04810B0E1974F5CA00D00DC0 /* Project object */ = {
			isa = PBXProject;
			attributes = {
				LastUpgradeCheck = 0600;
				ORGANIZATIONNAME = steve;
				TargetAttributes = {
					04810B151974F5CA00D00DC0 = {
						CreatedOnToolsVersion = 6.0;
					};
					04810B271974F5CA00D00DC0 = {
						CreatedOnToolsVersion = 6.0;
						TestTargetID = 04810B151974F5CA00D00DC0;
					};
				};
			};
			buildConfigurationList = 04810B111974F5CA00D00DC0 /* Build configuration list for PBXProject "Double" */;
			compatibilityVersion = "Xcode 3.2";
			developmentRegion = English;
			hasScannedForEncodings = 0;
			knownRegions = (
				en,
				Base,
			);
			mainGroup = 04810B0D1974F5CA00D00DC0;
			productRefGroup = 04810B171974F5CA00D00DC0 /* Products */;
			projectDirPath = "";
			projectRoot = "";
			targets = (
				04810B151974F5CA00D00DC0 /* Double */,
				04810B271974F5CA00D00DC0 /* DoubleTests */,
			);
		};
/* End PBXProject section */

/* Begin PBXResourcesBuildPhase section */
		04810B141974F5CA00D00DC0 /* Resources */ = {
			isa = PBXResourcesBuildPhase;
			buildActionMask = 2147483647;
			files = (
				0461BE2719753175001604C9 /* 8.png in Resources */,
				04810B211974F5CA00D00DC0 /* Main.storyboard in Resources */,
				04810B231974F5CA00D00DC0 /* Images.xcassets in Resources */,
				04810B3A1974FCE300D00DC0 /* Start.storyboard in Resources */,
			);
			runOnlyForDeploymentPostprocessing = 0;
		};
		04810B261974F5CA00D00DC0 /* Resources */ = {
			isa = PBXResourcesBuildPhase;
			buildActionMask = 2147483647;
			files = (
			);
			runOnlyForDeploymentPostprocessing = 0;
		};
/* End PBXResourcesBuildPhase section */

/* Begin PBXSourcesBuildPhase section */
		04810B121974F5CA00D00DC0 /* Sources */ = {
			isa = PBXSourcesBuildPhase;
			buildActionMask = 2147483647;
			files = (
				04810B1E1974F5CA00D00DC0 /* ViewController.swift in Sources */,
				04810B1C1974F5CA00D00DC0 /* AppDelegate.swift in Sources */,
			);
			runOnlyForDeploymentPostprocessing = 0;
		};
		04810B241974F5CA00D00DC0 /* Sources */ = {
			isa = PBXSourcesBuildPhase;
			buildActionMask = 2147483647;
			files = (
				04810B2F1974F5CA00D00DC0 /* DoubleTests.swift in Sources */,
			);
			runOnlyForDeploymentPostprocessing = 0;
		};
/* End PBXSourcesBuildPhase section */

/* Begin PBXTargetDependency section */
		04810B2A1974F5CA00D00DC0 /* PBXTargetDependency */ = {
			isa = PBXTargetDependency;
			target = 04810B151974F5CA00D00DC0 /* Double */;
			targetProxy = 04810B291974F5CA00D00DC0 /* PBXContainerItemProxy */;
		};
/* End PBXTargetDependency section */

/* Begin PBXVariantGroup section */
		04810B1F1974F5CA00D00DC0 /* Main.storyboard */ = {
			isa = PBXVariantGroup;
			children = (
				04810B201974F5CA00D00DC0 /* Base */,
			);
			name = Main.storyboard;
			sourceTree = "<group>";
		};
/* End PBXVariantGroup section */

/* Begin XCBuildConfiguration section */
		04810B301974F5CA00D00DC0 /* Debug */ = {
			isa = XCBuildConfiguration;
			buildSettings = {
				ALWAYS_SEARCH_USER_PATHS = NO;
				CLANG_CXX_LANGUAGE_STANDARD = "gnu++0x";
				CLANG_CXX_LIBRARY = "libc++";
				CLANG_ENABLE_MODULES = YES;
				CLANG_ENABLE_OBJC_ARC = YES;
				CLANG_WARN_BOOL_CONVERSION = YES;
				CLANG_WARN_CONSTANT_CONVERSION = YES;
				CLANG_WARN_DIRECT_OBJC_ISA_USAGE = YES_ERROR;
				CLANG_WARN_EMPTY_BODY = YES;
				CLANG_WARN_ENUM_CONVERSION = YES;
				CLANG_WARN_INT_CONVERSION = YES;
				CLANG_WARN_OBJC_ROOT_CLASS = YES_ERROR;
				CLANG_WARN_UNREACHABLE_CODE = YES;
				CLANG_WARN__DUPLICATE_METHOD_MATCH = YES;
				"CODE_SIGN_IDENTITY[sdk=iphoneos*]" = "iPhone Developer";
				COPY_PHASE_STRIP = NO;
				ENABLE_STRICT_OBJC_MSGSEND = YES;
				GCC_C_LANGUAGE_STANDARD = gnu99;
				GCC_DYNAMIC_NO_PIC = NO;
				GCC_OPTIMIZATION_LEVEL = 0;
				GCC_PREPROCESSOR_DEFINITIONS = (
					"DEBUG=1",
					"$(inherited)",
				);
				GCC_SYMBOLS_PRIVATE_EXTERN = NO;
				GCC_WARN_64_TO_32_BIT_CONVERSION = YES;
				GCC_WARN_ABOUT_RETURN_TYPE = YES_ERROR;
				GCC_WARN_UNDECLARED_SELECTOR = YES;
				GCC_WARN_UNINITIALIZED_AUTOS = YES_AGGRESSIVE;
				GCC_WARN_UNUSED_FUNCTION = YES;
				GCC_WARN_UNUSED_VARIABLE = YES;
				IPHONEOS_DEPLOYMENT_TARGET = 8.0;
				MTL_ENABLE_DEBUG_INFO = YES;
				ONLY_ACTIVE_ARCH = YES;
				SDKROOT = iphoneos;
				SWIFT_OPTIMIZATION_LEVEL = "-Onone";
			};
			name = Debug;
		};
		04810B311974F5CA00D00DC0 /* Release */ = {
			isa = XCBuildConfiguration;
			buildSettings = {
				ALWAYS_SEARCH_USER_PATHS = NO;
				CLANG_CXX_LANGUAGE_STANDARD = "gnu++0x";
				CLANG_CXX_LIBRARY = "libc++";
				CLANG_ENABLE_MODULES = YES;
				CLANG_ENABLE_OBJC_ARC = YES;
				CLANG_WARN_BOOL_CONVERSION = YES;
				CLANG_WARN_CONSTANT_CONVERSION = YES;
				CLANG_WARN_DIRECT_OBJC_ISA_USAGE = YES_ERROR;
				CLANG_WARN_EMPTY_BODY = YES;
				CLANG_WARN_ENUM_CONVERSION = YES;
				CLANG_WARN_INT_CONVERSION = YES;
				CLANG_WARN_OBJC_ROOT_CLASS = YES_ERROR;
				CLANG_WARN_UNREACHABLE_CODE = YES;
				CLANG_WARN__DUPLICATE_METHOD_MATCH = YES;
				"CODE_SIGN_IDENTITY[sdk=iphoneos*]" = "iPhone Developer";
				COPY_PHASE_STRIP = YES;
				ENABLE_NS_ASSERTIONS = NO;
				ENABLE_STRICT_OBJC_MSGSEND = YES;
				GCC_C_LANGUAGE_STANDARD = gnu99;
				GCC_WARN_64_TO_32_BIT_CONVERSION = YES;
				GCC_WARN_ABOUT_RETURN_TYPE = YES_ERROR;
				GCC_WARN_UNDECLARED_SELECTOR = YES;
				GCC_WARN_UNINITIALIZED_AUTOS = YES_AGGRESSIVE;
				GCC_WARN_UNUSED_FUNCTION = YES;
				GCC_WARN_UNUSED_VARIABLE = YES;
				IPHONEOS_DEPLOYMENT_TARGET = 8.0;
				MTL_ENABLE_DEBUG_INFO = NO;
				SDKROOT = iphoneos;
				VALIDATE_PRODUCT = YES;
			};
			name = Release;
		};
		04810B331974F5CA00D00DC0 /* Debug */ = {
			isa = XCBuildConfiguration;
			buildSettings = {
				ASSETCATALOG_COMPILER_APPICON_NAME = AppIcon;
				INFOPLIST_FILE = Double/Info.plist;
				IPHONEOS_DEPLOYMENT_TARGET = 8.0;
				LD_RUNPATH_SEARCH_PATHS = "$(inherited) @executable_path/Frameworks";
				PRODUCT_NAME = "$(TARGET_NAME)";
			};
			name = Debug;
		};
		04810B341974F5CA00D00DC0 /* Release */ = {
			isa = XCBuildConfiguration;
			buildSettings = {
				ASSETCATALOG_COMPILER_APPICON_NAME = AppIcon;
				INFOPLIST_FILE = Double/Info.plist;
				IPHONEOS_DEPLOYMENT_TARGET = 8.0;
				LD_RUNPATH_SEARCH_PATHS = "$(inherited) @executable_path/Frameworks";
				PRODUCT_NAME = "$(TARGET_NAME)";
			};
			name = Release;
		};
		04810B361974F5CA00D00DC0 /* Debug */ = {
			isa = XCBuildConfiguration;
			buildSettings = {
				BUNDLE_LOADER = "$(BUILT_PRODUCTS_DIR)/Double.app/Double";
				FRAMEWORK_SEARCH_PATHS = (
					"$(SDKROOT)/Developer/Library/Frameworks",
					"$(inherited)",
				);
				GCC_PREPROCESSOR_DEFINITIONS = (
					"DEBUG=1",
					"$(inherited)",
				);
				INFOPLIST_FILE = DoubleTests/Info.plist;
				LD_RUNPATH_SEARCH_PATHS = "$(inherited) @executable_path/Frameworks @loader_path/Frameworks";
				PRODUCT_NAME = "$(TARGET_NAME)";
				TEST_HOST = "$(BUNDLE_LOADER)";
			};
			name = Debug;
		};
		04810B371974F5CA00D00DC0 /* Release */ = {
			isa = XCBuildConfiguration;
			buildSettings = {
				BUNDLE_LOADER = "$(BUILT_PRODUCTS_DIR)/Double.app/Double";
				FRAMEWORK_SEARCH_PATHS = (
					"$(SDKROOT)/Developer/Library/Frameworks",
					"$(inherited)",
				);
				INFOPLIST_FILE = DoubleTests/Info.plist;
				LD_RUNPATH_SEARCH_PATHS = "$(inherited) @executable_path/Frameworks @loader_path/Frameworks";
				PRODUCT_NAME = "$(TARGET_NAME)";
				TEST_HOST = "$(BUNDLE_LOADER)";
			};
			name = Release;
		};
/* End XCBuildConfiguration section */

/* Begin XCConfigurationList section */
		04810B111974F5CA00D00DC0 /* Build configuration list for PBXProject "Double" */ = {
			isa = XCConfigurationList;
			buildConfigurations = (
				04810B301974F5CA00D00DC0 /* Debug */,
				04810B311974F5CA00D00DC0 /* Release */,
			);
			defaultConfigurationIsVisible = 0;
			defaultConfigurationName = Release;
		};
		04810B321974F5CA00D00DC0 /* Build configuration list for PBXNativeTarget "Double" */ = {
			isa = XCConfigurationList;
			buildConfigurations = (
				04810B331974F5CA00D00DC0 /* Debug */,
				04810B341974F5CA00D00DC0 /* Release */,
			);
			defaultConfigurationIsVisible = 0;
			defaultConfigurationName = Release;
		};
		04810B351974F5CA00D00DC0 /* Build configuration list for PBXNativeTarget "DoubleTests" */ = {
			isa = XCConfigurationList;
			buildConfigurations = (
				04810B361974F5CA00D00DC0 /* Debug */,
				04810B371974F5CA00D00DC0 /* Release */,
			);
			defaultConfigurationIsVisible = 0;
			defaultConfigurationName = Release;
		};
/* End XCConfigurationList section */
	};
	rootObject = 04810B0E1974F5CA00D00DC0 /* Project object */;
}
