// !$*UTF8*$!
{
	archiveVersion = 1;
	classes = {
	};
	objectVersion = 46;
	objects = {

/* Begin PBXBuildFile section */
		04ABF730198791F8002B188A /* AppDelegate.swift in Sources */ = {isa = PBXBuildFile; fileRef = 04ABF72F198791F8002B188A /* AppDelegate.swift */; };
		04ABF732198791F8002B188A /* ViewController.swift in Sources */ = {isa = PBXBuildFile; fileRef = 04ABF731198791F8002B188A /* ViewController.swift */; };
		04ABF735198791F8002B188A /* Main.storyboard in Resources */ = {isa = PBXBuildFile; fileRef = 04ABF733198791F8002B188A /* Main.storyboard */; };
		04ABF737198791F8002B188A /* Images.xcassets in Resources */ = {isa = PBXBuildFile; fileRef = 04ABF736198791F8002B188A /* Images.xcassets */; };
		04ABF743198791F8002B188A /* OilNewsAppTests.swift in Sources */ = {isa = PBXBuildFile; fileRef = 04ABF742198791F8002B188A /* OilNewsAppTests.swift */; };
		04F6A019198A138700A117F6 /* HttpController.swift in Sources */ = {isa = PBXBuildFile; fileRef = 04F6A018198A138700A117F6 /* HttpController.swift */; };
/* End PBXBuildFile section */

/* Begin PBXContainerItemProxy section */
		04ABF73D198791F8002B188A /* PBXContainerItemProxy */ = {
			isa = PBXContainerItemProxy;
			containerPortal = 04ABF722198791F7002B188A /* Project object */;
			proxyType = 1;
			remoteGlobalIDString = 04ABF729198791F8002B188A;
			remoteInfo = OilNewsApp;
		};
/* End PBXContainerItemProxy section */

/* Begin PBXFileReference section */
		04ABF72A198791F8002B188A /* OilNewsApp.app */ = {isa = PBXFileReference; explicitFileType = wrapper.application; includeInIndex = 0; path = OilNewsApp.app; sourceTree = BUILT_PRODUCTS_DIR; };
		04ABF72E198791F8002B188A /* Info.plist */ = {isa = PBXFileReference; lastKnownFileType = text.plist.xml; path = Info.plist; sourceTree = "<group>"; };
		04ABF72F198791F8002B188A /* AppDelegate.swift */ = {isa = PBXFileReference; lastKnownFileType = sourcecode.swift; path = AppDelegate.swift; sourceTree = "<group>"; };
		04ABF731198791F8002B188A /* ViewController.swift */ = {isa = PBXFileReference; lastKnownFileType = sourcecode.swift; path = ViewController.swift; sourceTree = "<group>"; };
		04ABF734198791F8002B188A /* Base */ = {isa = PBXFileReference; lastKnownFileType = file.storyboard; name = Base; path = Base.lproj/Main.storyboard; sourceTree = "<group>"; };
		04ABF736198791F8002B188A /* Images.xcassets */ = {isa = PBXFileReference; lastKnownFileType = folder.assetcatalog; path = Images.xcassets; sourceTree = "<group>"; };
		04ABF73C198791F8002B188A /* OilNewsAppTests.xctest */ = {isa = PBXFileReference; explicitFileType = wrapper.cfbundle; includeInIndex = 0; path = OilNewsAppTests.xctest; sourceTree = BUILT_PRODUCTS_DIR; };
		04ABF741198791F8002B188A /* Info.plist */ = {isa = PBXFileReference; lastKnownFileType = text.plist.xml; path = Info.plist; sourceTree = "<group>"; };
		04ABF742198791F8002B188A /* OilNewsAppTests.swift */ = {isa = PBXFileReference; lastKnownFileType = sourcecode.swift; path = OilNewsAppTests.swift; sourceTree = "<group>"; };
		04F6A018198A138700A117F6 /* HttpController.swift */ = {isa = PBXFileReference; fileEncoding = 4; lastKnownFileType = sourcecode.swift; path = HttpController.swift; sourceTree = "<group>"; };
/* End PBXFileReference section */

/* Begin PBXFrameworksBuildPhase section */
		04ABF727198791F8002B188A /* Frameworks */ = {
			isa = PBXFrameworksBuildPhase;
			buildActionMask = 2147483647;
			files = (
			);
			runOnlyForDeploymentPostprocessing = 0;
		};
		04ABF739198791F8002B188A /* Frameworks */ = {
			isa = PBXFrameworksBuildPhase;
			buildActionMask = 2147483647;
			files = (
			);
			runOnlyForDeploymentPostprocessing = 0;
		};
/* End PBXFrameworksBuildPhase section */

/* Begin PBXGroup section */
		04ABF721198791F7002B188A = {
			isa = PBXGroup;
			children = (
				04ABF72C198791F8002B188A /* OilNewsApp */,
				04ABF73F198791F8002B188A /* OilNewsAppTests */,
				04ABF72B198791F8002B188A /* Products */,
			);
			sourceTree = "<group>";
		};
		04ABF72B198791F8002B188A /* Products */ = {
			isa = PBXGroup;
			children = (
				04ABF72A198791F8002B188A /* OilNewsApp.app */,
				04ABF73C198791F8002B188A /* OilNewsAppTests.xctest */,
			);
			name = Products;
			sourceTree = "<group>";
		};
		04ABF72C198791F8002B188A /* OilNewsApp */ = {
			isa = PBXGroup;
			children = (
				04ABF72F198791F8002B188A /* AppDelegate.swift */,
				04ABF731198791F8002B188A /* ViewController.swift */,
				04ABF733198791F8002B188A /* Main.storyboard */,
				04ABF736198791F8002B188A /* Images.xcassets */,
				04ABF72D198791F8002B188A /* Supporting Files */,
				04F6A018198A138700A117F6 /* HttpController.swift */,
			);
			path = OilNewsApp;
			sourceTree = "<group>";
		};
		04ABF72D198791F8002B188A /* Supporting Files */ = {
			isa = PBXGroup;
			children = (
				04ABF72E198791F8002B188A /* Info.plist */,
			);
			name = "Supporting Files";
			sourceTree = "<group>";
		};
		04ABF73F198791F8002B188A /* OilNewsAppTests */ = {
			isa = PBXGroup;
			children = (
				04ABF742198791F8002B188A /* OilNewsAppTests.swift */,
				04ABF740198791F8002B188A /* Supporting Files */,
			);
			path = OilNewsAppTests;
			sourceTree = "<group>";
		};
		04ABF740198791F8002B188A /* Supporting Files */ = {
			isa = PBXGroup;
			children = (
				04ABF741198791F8002B188A /* Info.plist */,
			);
			name = "Supporting Files";
			sourceTree = "<group>";
		};
/* End PBXGroup section */

/* Begin PBXNativeTarget section */
		04ABF729198791F8002B188A /* OilNewsApp */ = {
			isa = PBXNativeTarget;
			buildConfigurationList = 04ABF746198791F8002B188A /* Build configuration list for PBXNativeTarget "OilNewsApp" */;
			buildPhases = (
				04ABF726198791F8002B188A /* Sources */,
				04ABF727198791F8002B188A /* Frameworks */,
				04ABF728198791F8002B188A /* Resources */,
			);
			buildRules = (
			);
			dependencies = (
			);
			name = OilNewsApp;
			productName = OilNewsApp;
			productReference = 04ABF72A198791F8002B188A /* OilNewsApp.app */;
			productType = "com.apple.product-type.application";
		};
		04ABF73B198791F8002B188A /* OilNewsAppTests */ = {
			isa = PBXNativeTarget;
			buildConfigurationList = 04ABF749198791F8002B188A /* Build configuration list for PBXNativeTarget "OilNewsAppTests" */;
			buildPhases = (
				04ABF738198791F8002B188A /* Sources */,
				04ABF739198791F8002B188A /* Frameworks */,
				04ABF73A198791F8002B188A /* Resources */,
			);
			buildRules = (
			);
			dependencies = (
				04ABF73E198791F8002B188A /* PBXTargetDependency */,
			);
			name = OilNewsAppTests;
			productName = OilNewsAppTests;
			productReference = 04ABF73C198791F8002B188A /* OilNewsAppTests.xctest */;
			productType = "com.apple.product-type.bundle.unit-test";
		};
/* End PBXNativeTarget section */

/* Begin PBXProject section */
		04ABF722198791F7002B188A /* Project object */ = {
			isa = PBXProject;
			attributes = {
				LastUpgradeCheck = 0600;
				ORGANIZATIONNAME = steve;
				TargetAttributes = {
					04ABF729198791F8002B188A = {
						CreatedOnToolsVersion = 6.0;
					};
					04ABF73B198791F8002B188A = {
						CreatedOnToolsVersion = 6.0;
						TestTargetID = 04ABF729198791F8002B188A;
					};
				};
			};
			buildConfigurationList = 04ABF725198791F7002B188A /* Build configuration list for PBXProject "OilNewsApp" */;
			compatibilityVersion = "Xcode 3.2";
			developmentRegion = English;
			hasScannedForEncodings = 0;
			knownRegions = (
				en,
				Base,
			);
			mainGroup = 04ABF721198791F7002B188A;
			productRefGroup = 04ABF72B198791F8002B188A /* Products */;
			projectDirPath = "";
			projectRoot = "";
			targets = (
				04ABF729198791F8002B188A /* OilNewsApp */,
				04ABF73B198791F8002B188A /* OilNewsAppTests */,
			);
		};
/* End PBXProject section */

/* Begin PBXResourcesBuildPhase section */
		04ABF728198791F8002B188A /* Resources */ = {
			isa = PBXResourcesBuildPhase;
			buildActionMask = 2147483647;
			files = (
				04ABF735198791F8002B188A /* Main.storyboard in Resources */,
				04ABF737198791F8002B188A /* Images.xcassets in Resources */,
			);
			runOnlyForDeploymentPostprocessing = 0;
		};
		04ABF73A198791F8002B188A /* Resources */ = {
			isa = PBXResourcesBuildPhase;
			buildActionMask = 2147483647;
			files = (
			);
			runOnlyForDeploymentPostprocessing = 0;
		};
/* End PBXResourcesBuildPhase section */

/* Begin PBXSourcesBuildPhase section */
		04ABF726198791F8002B188A /* Sources */ = {
			isa = PBXSourcesBuildPhase;
			buildActionMask = 2147483647;
			files = (
				04ABF732198791F8002B188A /* ViewController.swift in Sources */,
				04ABF730198791F8002B188A /* AppDelegate.swift in Sources */,
				04F6A019198A138700A117F6 /* HttpController.swift in Sources */,
			);
			runOnlyForDeploymentPostprocessing = 0;
		};
		04ABF738198791F8002B188A /* Sources */ = {
			isa = PBXSourcesBuildPhase;
			buildActionMask = 2147483647;
			files = (
				04ABF743198791F8002B188A /* OilNewsAppTests.swift in Sources */,
			);
			runOnlyForDeploymentPostprocessing = 0;
		};
/* End PBXSourcesBuildPhase section */

/* Begin PBXTargetDependency section */
		04ABF73E198791F8002B188A /* PBXTargetDependency */ = {
			isa = PBXTargetDependency;
			target = 04ABF729198791F8002B188A /* OilNewsApp */;
			targetProxy = 04ABF73D198791F8002B188A /* PBXContainerItemProxy */;
		};
/* End PBXTargetDependency section */

/* Begin PBXVariantGroup section */
		04ABF733198791F8002B188A /* Main.storyboard */ = {
			isa = PBXVariantGroup;
			children = (
				04ABF734198791F8002B188A /* Base */,
			);
			name = Main.storyboard;
			sourceTree = "<group>";
		};
/* End PBXVariantGroup section */

/* Begin XCBuildConfiguration section */
		04ABF744198791F8002B188A /* Debug */ = {
			isa = XCBuildConfiguration;
			buildSettings = {
				ALWAYS_SEARCH_USER_PATHS = NO;
				CLANG_CXX_LANGUAGE_STANDARD = "gnu++0x";
				CLANG_CXX_LIBRARY = "libc++";
				CLANG_ENABLE_MODULES = YES;
				CLANG_ENABLE_OBJC_ARC = YES;
				CLANG_WARN_BOOL_CONVERSION = YES;
				CLANG_WARN_CONSTANT_CONVERSION = YES;
				CLANG_WARN_DIRECT_OBJC_ISA_USAGE = YES_ERROR;
				CLANG_WARN_EMPTY_BODY = YES;
				CLANG_WARN_ENUM_CONVERSION = YES;
				CLANG_WARN_INT_CONVERSION = YES;
				CLANG_WARN_OBJC_ROOT_CLASS = YES_ERROR;
				CLANG_WARN_UNREACHABLE_CODE = YES;
				CLANG_WARN__DUPLICATE_METHOD_MATCH = YES;
				"CODE_SIGN_IDENTITY[sdk=iphoneos*]" = "iPhone Developer";
				COPY_PHASE_STRIP = NO;
				ENABLE_STRICT_OBJC_MSGSEND = YES;
				GCC_C_LANGUAGE_STANDARD = gnu99;
				GCC_DYNAMIC_NO_PIC = NO;
				GCC_OPTIMIZATION_LEVEL = 0;
				GCC_PREPROCESSOR_DEFINITIONS = (
					"DEBUG=1",
					"$(inherited)",
				);
				GCC_SYMBOLS_PRIVATE_EXTERN = NO;
				GCC_WARN_64_TO_32_BIT_CONVERSION = YES;
				GCC_WARN_ABOUT_RETURN_TYPE = YES_ERROR;
				GCC_WARN_UNDECLARED_SELECTOR = YES;
				GCC_WARN_UNINITIALIZED_AUTOS = YES_AGGRESSIVE;
				GCC_WARN_UNUSED_FUNCTION = YES;
				GCC_WARN_UNUSED_VARIABLE = YES;
				IPHONEOS_DEPLOYMENT_TARGET = 8.0;
				MTL_ENABLE_DEBUG_INFO = YES;
				ONLY_ACTIVE_ARCH = YES;
				SDKROOT = iphoneos;
				SWIFT_OPTIMIZATION_LEVEL = "-Onone";
			};
			name = Debug;
		};
		04ABF745198791F8002B188A /* Release */ = {
			isa = XCBuildConfiguration;
			buildSettings = {
				ALWAYS_SEARCH_USER_PATHS = NO;
				CLANG_CXX_LANGUAGE_STANDARD = "gnu++0x";
				CLANG_CXX_LIBRARY = "libc++";
				CLANG_ENABLE_MODULES = YES;
				CLANG_ENABLE_OBJC_ARC = YES;
				CLANG_WARN_BOOL_CONVERSION = YES;
				CLANG_WARN_CONSTANT_CONVERSION = YES;
				CLANG_WARN_DIRECT_OBJC_ISA_USAGE = YES_ERROR;
				CLANG_WARN_EMPTY_BODY = YES;
				CLANG_WARN_ENUM_CONVERSION = YES;
				CLANG_WARN_INT_CONVERSION = YES;
				CLANG_WARN_OBJC_ROOT_CLASS = YES_ERROR;
				CLANG_WARN_UNREACHABLE_CODE = YES;
				CLANG_WARN__DUPLICATE_METHOD_MATCH = YES;
				"CODE_SIGN_IDENTITY[sdk=iphoneos*]" = "iPhone Developer";
				COPY_PHASE_STRIP = YES;
				ENABLE_NS_ASSERTIONS = NO;
				ENABLE_STRICT_OBJC_MSGSEND = YES;
				GCC_C_LANGUAGE_STANDARD = gnu99;
				GCC_WARN_64_TO_32_BIT_CONVERSION = YES;
				GCC_WARN_ABOUT_RETURN_TYPE = YES_ERROR;
				GCC_WARN_UNDECLARED_SELECTOR = YES;
				GCC_WARN_UNINITIALIZED_AUTOS = YES_AGGRESSIVE;
				GCC_WARN_UNUSED_FUNCTION = YES;
				GCC_WARN_UNUSED_VARIABLE = YES;
				IPHONEOS_DEPLOYMENT_TARGET = 8.0;
				MTL_ENABLE_DEBUG_INFO = NO;
				SDKROOT = iphoneos;
				VALIDATE_PRODUCT = YES;
			};
			name = Release;
		};
		04ABF747198791F8002B188A /* Debug */ = {
			isa = XCBuildConfiguration;
			buildSettings = {
				ASSETCATALOG_COMPILER_APPICON_NAME = AppIcon;
				ASSETCATALOG_COMPILER_LAUNCHIMAGE_NAME = LaunchImage;
				INFOPLIST_FILE = OilNewsApp/Info.plist;
				LD_RUNPATH_SEARCH_PATHS = "$(inherited) @executable_path/Frameworks";
				PRODUCT_NAME = "$(TARGET_NAME)";
			};
			name = Debug;
		};
		04ABF748198791F8002B188A /* Release */ = {
			isa = XCBuildConfiguration;
			buildSettings = {
				ASSETCATALOG_COMPILER_APPICON_NAME = AppIcon;
				ASSETCATALOG_COMPILER_LAUNCHIMAGE_NAME = LaunchImage;
				INFOPLIST_FILE = OilNewsApp/Info.plist;
				LD_RUNPATH_SEARCH_PATHS = "$(inherited) @executable_path/Frameworks";
				PRODUCT_NAME = "$(TARGET_NAME)";
			};
			name = Release;
		};
		04ABF74A198791F8002B188A /* Debug */ = {
			isa = XCBuildConfiguration;
			buildSettings = {
				BUNDLE_LOADER = "$(BUILT_PRODUCTS_DIR)/OilNewsApp.app/OilNewsApp";
				FRAMEWORK_SEARCH_PATHS = (
					"$(SDKROOT)/Developer/Library/Frameworks",
					"$(inherited)",
				);
				GCC_PREPROCESSOR_DEFINITIONS = (
					"DEBUG=1",
					"$(inherited)",
				);
				INFOPLIST_FILE = OilNewsAppTests/Info.plist;
				LD_RUNPATH_SEARCH_PATHS = "$(inherited) @executable_path/Frameworks @loader_path/Frameworks";
				PRODUCT_NAME = "$(TARGET_NAME)";
				TEST_HOST = "$(BUNDLE_LOADER)";
			};
			name = Debug;
		};
		04ABF74B198791F8002B188A /* Release */ = {
			isa = XCBuildConfiguration;
			buildSettings = {
				BUNDLE_LOADER = "$(BUILT_PRODUCTS_DIR)/OilNewsApp.app/OilNewsApp";
				FRAMEWORK_SEARCH_PATHS = (
					"$(SDKROOT)/Developer/Library/Frameworks",
					"$(inherited)",
				);
				INFOPLIST_FILE = OilNewsAppTests/Info.plist;
				LD_RUNPATH_SEARCH_PATHS = "$(inherited) @executable_path/Frameworks @loader_path/Frameworks";
				PRODUCT_NAME = "$(TARGET_NAME)";
				TEST_HOST = "$(BUNDLE_LOADER)";
			};
			name = Release;
		};
/* End XCBuildConfiguration section */

/* Begin XCConfigurationList section */
		04ABF725198791F7002B188A /* Build configuration list for PBXProject "OilNewsApp" */ = {
			isa = XCConfigurationList;
			buildConfigurations = (
				04ABF744198791F8002B188A /* Debug */,
				04ABF745198791F8002B188A /* Release */,
			);
			defaultConfigurationIsVisible = 0;
			defaultConfigurationName = Release;
		};
		04ABF746198791F8002B188A /* Build configuration list for PBXNativeTarget "OilNewsApp" */ = {
			isa = XCConfigurationList;
			buildConfigurations = (
				04ABF747198791F8002B188A /* Debug */,
				04ABF748198791F8002B188A /* Release */,
			);
			defaultConfigurationIsVisible = 0;
			defaultConfigurationName = Release;
		};
		04ABF749198791F8002B188A /* Build configuration list for PBXNativeTarget "OilNewsAppTests" */ = {
			isa = XCConfigurationList;
			buildConfigurations = (
				04ABF74A198791F8002B188A /* Debug */,
				04ABF74B198791F8002B188A /* Release */,
			);
			defaultConfigurationIsVisible = 0;
			defaultConfigurationName = Release;
		};
/* End XCConfigurationList section */
	};
	rootObject = 04ABF722198791F7002B188A /* Project object */;
}
